
Microsoft Visual Studio Solution File, Format Version 12.00
# Visual Studio Version 17
VisualStudioVersion = 17.10.34928.147
MinimumVisualStudioVersion = 10.0.40219.1
Project("{8BC9CEB8-8B4A-11D0-8D11-00A0C91BC942}") = "socket", "socket\socket.vcxproj", "{D5C0848A-DDB2-4804-931C-1117C5601C5D}"
EndProject
Global
	GlobalSection(SolutionConfigurationPlatforms) = preSolution
		Debug|x64 = Debug|x64
		Debug|x86 = Debug|x86
		Release|x64 = Release|x64
		Release|x86 = Release|x86
	EndGlobalSection
	GlobalSection(ProjectConfigurationPlatforms) = postSolution
		{D5C0848A-DDB2-4804-931C-1117C5601C5D}.Debug|x64.ActiveCfg = Debug|x64
		{D5C0848A-DDB2-4804-931C-1117C5601C5D}.Debug|x64.Build.0 = Debug|x64
		{D5C0848A-DDB2-4804-931C-1117C5601C5D}.Debug|x86.ActiveCfg = Debug|Win32
		{D5C0848A-DDB2-4804-931C-1117C5601C5D}.Debug|x86.Build.0 = Debug|Win32
		{D5C0848A-DDB2-4804-931C-1117C5601C5D}.Release|x64.ActiveCfg = Release|x64
		{D5C0848A-DDB2-4804-931C-1117C5601C5D}.Release|x64.Build.0 = Release|x64
		{D5C0848A-DDB2-4804-931C-1117C5601C5D}.Release|x86.ActiveCfg = Release|Win32
		{D5C0848A-DDB2-4804-931C-1117C5601C5D}.Release|x86.Build.0 = Release|Win32
	EndGlobalSection
	GlobalSection(SolutionProperties) = preSolution
		HideSolutionNode = FALSE
	EndGlobalSection
	GlobalSection(ExtensibilityGlobals) = postSolution
		SolutionGuid = {9E9948AD-7310-478B-9DEA-64C7B62E75F3}
	EndGlobalSection
EndGlobal
